schema: '2.0'
stages:
  clean:
    cmd: uv run python scripts/clean.py
    deps:
    - path: data/raw/events.csv
      hash: md5
      md5: 431ff8b1e99f6c5ac0a423d9e37ac2a9
      size: 73240
    - path: scripts/clean.py
      hash: md5
      md5: 67adbf35873b7433bc776bc691ed2413
      size: 687
    outs:
    - path: data/clean/events.csv
      hash: md5
      md5: bd71a19938a770182478f506c8f91df6
      size: 12113
  transform:
    cmd: uv run python scripts/transform.py
    deps:
    - path: data/clean/events.csv
      hash: md5
      md5: bd71a19938a770182478f506c8f91df6
      size: 12113
    - path: scripts/transform.py
      hash: md5
      md5: c25305bc753069169b423d6b8eef2f38
      size: 224
    outs:
    - path: data/transformed/events.csv
      hash: md5
      md5: 0d10071415cf01e07ac3531d90f964e4
      size: 15814
  features:
    cmd: uv run python scripts/features.py
    deps:
    - path: data/transformed/events.csv
      hash: md5
      md5: 0d10071415cf01e07ac3531d90f964e4
      size: 15814
    - path: scripts/features.py
      hash: md5
      md5: 8bcc6cc0ef72c7cd55e6d5785531088a
      size: 311
    outs:
    - path: data/features/events.csv
      hash: md5
      md5: a323d186fd6c3b2fba3ec0b331e7c11f
      size: 23399
